
Microsoft Visual Studio Solution File, Format Version 12.00
# Visual Studio Version 17
VisualStudioVersion = 17.7.34024.191
MinimumVisualStudioVersion = 10.0.40219.1
Project("{9A19103F-16F7-4668-BE54-9A1E7A4F7556}") = "RunProject", "RunProject.csproj", "{F570E68A-408D-4FB2-9E2E-EE04418092E7}"
EndProject
Global
	GlobalSection(SolutionConfigurationPlatforms) = preSolution
		Debug|Any CPU = Debug|Any CPU
		Release|Any CPU = Release|Any CPU
	EndGlobalSection
	GlobalSection(ProjectConfigurationPlatforms) = postSolution
		{F570E68A-408D-4FB2-9E2E-EE04418092E7}.Debug|Any CPU.ActiveCfg = Debug|Any CPU
		{F570E68A-408D-4FB2-9E2E-EE04418092E7}.Debug|Any CPU.Build.0 = Debug|Any CPU
		{F570E68A-408D-4FB2-9E2E-EE04418092E7}.Release|Any CPU.ActiveCfg = Release|Any CPU
		{F570E68A-408D-4FB2-9E2E-EE04418092E7}.Release|Any CPU.Build.0 = Release|Any CPU
	EndGlobalSection
	GlobalSection(SolutionProperties) = preSolution
		HideSolutionNode = FALSE
	EndGlobalSection
	GlobalSection(ExtensibilityGlobals) = postSolution
		SolutionGuid = {4A41AD2C-6EB1-49FE-B995-BC718B6F6655}
	EndGlobalSection
EndGlobal
